
Microsoft Visual Studio Solution File, Format Version 11.00
# Visual Studio 2010
Project("{8BC9CEB8-8B4A-11D0-8D11-00A0C91BC942}") = "PatAPI", "Projects\PatAPI\PatAPI.vcxproj", "{35127848-F4FA-4774-9BC1-2407A7C0366F}"
EndProject
Project("{8BC9CEB8-8B4A-11D0-8D11-00A0C91BC942}") = "FirstTest", "Projects\FirstTest\FirstTest.vcxproj", "{35605A53-F0E8-4815-8AAB-EF870E4F0987}"
EndProject
Project("{8BC9CEB8-8B4A-11D0-8D11-00A0C91BC942}") = "ComplexObject", "Projects\ComplexObject\ComplexObject.vcxproj", "{11B52AC6-5187-470F-8919-BEA9770EB5AB}"
EndProject
Project("{8BC9CEB8-8B4A-11D0-8D11-00A0C91BC942}") = "Cathedral", "Projects\Cathedral\Cathedral.vcxproj", "{6CC07C79-5AE9-4B59-8657-0553BB24651B}"
EndProject
Project("{8BC9CEB8-8B4A-11D0-8D11-00A0C91BC942}") = "Lumieres", "Projects\Lumieres\Lumieres.vcxproj", "{4C0ABA33-A700-4D30-B79E-F63469BF635E}"
EndProject
Project("{8BC9CEB8-8B4A-11D0-8D11-00A0C91BC942}") = "CameraHellHazer", "Projects\CameraHellHazer\CameraHellHazer.vcxproj", "{C83B221F-3A80-4C0E-B41D-632A477CDE5A}"
EndProject
Project("{8BC9CEB8-8B4A-11D0-8D11-00A0C91BC942}") = "BRDF", "Projects\BRDF\BRDF.vcxproj", "{474D5F3D-49B4-4262-8C3B-2E3E26F86C89}"
EndProject
Global
	GlobalSection(SolutionConfigurationPlatforms) = preSolution
		Debug|Mixed Platforms = Debug|Mixed Platforms
		Debug|Win32 = Debug|Win32
		Debug|x86 = Debug|x86
		Release|Mixed Platforms = Release|Mixed Platforms
		Release|Win32 = Release|Win32
		Release|x86 = Release|x86
	EndGlobalSection
	GlobalSection(ProjectConfigurationPlatforms) = postSolution
		{35127848-F4FA-4774-9BC1-2407A7C0366F}.Debug|Mixed Platforms.ActiveCfg = Debug|Win32
		{35127848-F4FA-4774-9BC1-2407A7C0366F}.Debug|Mixed Platforms.Build.0 = Debug|Win32
		{35127848-F4FA-4774-9BC1-2407A7C0366F}.Debug|Win32.ActiveCfg = Debug|Win32
		{35127848-F4FA-4774-9BC1-2407A7C0366F}.Debug|Win32.Build.0 = Debug|Win32
		{35127848-F4FA-4774-9BC1-2407A7C0366F}.Debug|x86.ActiveCfg = Debug|Win32
		{35127848-F4FA-4774-9BC1-2407A7C0366F}.Release|Mixed Platforms.ActiveCfg = Release|Win32
		{35127848-F4FA-4774-9BC1-2407A7C0366F}.Release|Mixed Platforms.Build.0 = Release|Win32
		{35127848-F4FA-4774-9BC1-2407A7C0366F}.Release|Win32.ActiveCfg = Release|Win32
		{35127848-F4FA-4774-9BC1-2407A7C0366F}.Release|Win32.Build.0 = Release|Win32
		{35127848-F4FA-4774-9BC1-2407A7C0366F}.Release|x86.ActiveCfg = Release|Win32
		{35605A53-F0E8-4815-8AAB-EF870E4F0987}.Debug|Mixed Platforms.ActiveCfg = Debug|Win32
		{35605A53-F0E8-4815-8AAB-EF870E4F0987}.Debug|Mixed Platforms.Build.0 = Debug|Win32
		{35605A53-F0E8-4815-8AAB-EF870E4F0987}.Debug|Win32.ActiveCfg = Debug|Win32
		{35605A53-F0E8-4815-8AAB-EF870E4F0987}.Debug|Win32.Build.0 = Debug|Win32
		{35605A53-F0E8-4815-8AAB-EF870E4F0987}.Debug|x86.ActiveCfg = Debug|Win32
		{35605A53-F0E8-4815-8AAB-EF870E4F0987}.Release|Mixed Platforms.ActiveCfg = Release|Win32
		{35605A53-F0E8-4815-8AAB-EF870E4F0987}.Release|Mixed Platforms.Build.0 = Release|Win32
		{35605A53-F0E8-4815-8AAB-EF870E4F0987}.Release|Win32.ActiveCfg = Release|Win32
		{35605A53-F0E8-4815-8AAB-EF870E4F0987}.Release|Win32.Build.0 = Release|Win32
		{35605A53-F0E8-4815-8AAB-EF870E4F0987}.Release|x86.ActiveCfg = Release|Win32
		{11B52AC6-5187-470F-8919-BEA9770EB5AB}.Debug|Mixed Platforms.ActiveCfg = Debug|Win32
		{11B52AC6-5187-470F-8919-BEA9770EB5AB}.Debug|Mixed Platforms.Build.0 = Debug|Win32
		{11B52AC6-5187-470F-8919-BEA9770EB5AB}.Debug|Win32.ActiveCfg = Debug|Win32
		{11B52AC6-5187-470F-8919-BEA9770EB5AB}.Debug|Win32.Build.0 = Debug|Win32
		{11B52AC6-5187-470F-8919-BEA9770EB5AB}.Debug|x86.ActiveCfg = Debug|Win32
		{11B52AC6-5187-470F-8919-BEA9770EB5AB}.Release|Mixed Platforms.ActiveCfg = Release|Win32
		{11B52AC6-5187-470F-8919-BEA9770EB5AB}.Release|Mixed Platforms.Build.0 = Release|Win32
		{11B52AC6-5187-470F-8919-BEA9770EB5AB}.Release|Win32.ActiveCfg = Release|Win32
		{11B52AC6-5187-470F-8919-BEA9770EB5AB}.Release|Win32.Build.0 = Release|Win32
		{11B52AC6-5187-470F-8919-BEA9770EB5AB}.Release|x86.ActiveCfg = Release|Win32
		{6CC07C79-5AE9-4B59-8657-0553BB24651B}.Debug|Mixed Platforms.ActiveCfg = Debug|Win32
		{6CC07C79-5AE9-4B59-8657-0553BB24651B}.Debug|Mixed Platforms.Build.0 = Debug|Win32
		{6CC07C79-5AE9-4B59-8657-0553BB24651B}.Debug|Win32.ActiveCfg = Debug|Win32
		{6CC07C79-5AE9-4B59-8657-0553BB24651B}.Debug|Win32.Build.0 = Debug|Win32
		{6CC07C79-5AE9-4B59-8657-0553BB24651B}.Debug|x86.ActiveCfg = Debug|Win32
		{6CC07C79-5AE9-4B59-8657-0553BB24651B}.Release|Mixed Platforms.ActiveCfg = Release|Win32
		{6CC07C79-5AE9-4B59-8657-0553BB24651B}.Release|Mixed Platforms.Build.0 = Release|Win32
		{6CC07C79-5AE9-4B59-8657-0553BB24651B}.Release|Win32.ActiveCfg = Release|Win32
		{6CC07C79-5AE9-4B59-8657-0553BB24651B}.Release|Win32.Build.0 = Release|Win32
		{6CC07C79-5AE9-4B59-8657-0553BB24651B}.Release|x86.ActiveCfg = Release|Win32
		{4C0ABA33-A700-4D30-B79E-F63469BF635E}.Debug|Mixed Platforms.ActiveCfg = Debug|Win32
		{4C0ABA33-A700-4D30-B79E-F63469BF635E}.Debug|Mixed Platforms.Build.0 = Debug|Win32
		{4C0ABA33-A700-4D30-B79E-F63469BF635E}.Debug|Win32.ActiveCfg = Debug|Win32
		{4C0ABA33-A700-4D30-B79E-F63469BF635E}.Debug|Win32.Build.0 = Debug|Win32
		{4C0ABA33-A700-4D30-B79E-F63469BF635E}.Debug|x86.ActiveCfg = Debug|Win32
		{4C0ABA33-A700-4D30-B79E-F63469BF635E}.Release|Mixed Platforms.ActiveCfg = Release|Win32
		{4C0ABA33-A700-4D30-B79E-F63469BF635E}.Release|Mixed Platforms.Build.0 = Release|Win32
		{4C0ABA33-A700-4D30-B79E-F63469BF635E}.Release|Win32.ActiveCfg = Release|Win32
		{4C0ABA33-A700-4D30-B79E-F63469BF635E}.Release|Win32.Build.0 = Release|Win32
		{4C0ABA33-A700-4D30-B79E-F63469BF635E}.Release|x86.ActiveCfg = Release|Win32
		{C83B221F-3A80-4C0E-B41D-632A477CDE5A}.Debug|Mixed Platforms.ActiveCfg = Debug|Win32
		{C83B221F-3A80-4C0E-B41D-632A477CDE5A}.Debug|Mixed Platforms.Build.0 = Debug|Win32
		{C83B221F-3A80-4C0E-B41D-632A477CDE5A}.Debug|Win32.ActiveCfg = Debug|Win32
		{C83B221F-3A80-4C0E-B41D-632A477CDE5A}.Debug|Win32.Build.0 = Debug|Win32
		{C83B221F-3A80-4C0E-B41D-632A477CDE5A}.Debug|x86.ActiveCfg = Debug|Win32
		{C83B221F-3A80-4C0E-B41D-632A477CDE5A}.Release|Mixed Platforms.ActiveCfg = Release|Win32
		{C83B221F-3A80-4C0E-B41D-632A477CDE5A}.Release|Mixed Platforms.Build.0 = Release|Win32
		{C83B221F-3A80-4C0E-B41D-632A477CDE5A}.Release|Win32.ActiveCfg = Release|Win32
		{C83B221F-3A80-4C0E-B41D-632A477CDE5A}.Release|Win32.Build.0 = Release|Win32
		{C83B221F-3A80-4C0E-B41D-632A477CDE5A}.Release|x86.ActiveCfg = Release|Win32
		{474D5F3D-49B4-4262-8C3B-2E3E26F86C89}.Debug|Mixed Platforms.ActiveCfg = Debug|Win32
		{474D5F3D-49B4-4262-8C3B-2E3E26F86C89}.Debug|Mixed Platforms.Build.0 = Debug|Win32
		{474D5F3D-49B4-4262-8C3B-2E3E26F86C89}.Debug|Win32.ActiveCfg = Debug|Win32
		{474D5F3D-49B4-4262-8C3B-2E3E26F86C89}.Debug|Win32.Build.0 = Debug|Win32
		{474D5F3D-49B4-4262-8C3B-2E3E26F86C89}.Debug|x86.ActiveCfg = Debug|Win32
		{474D5F3D-49B4-4262-8C3B-2E3E26F86C89}.Release|Mixed Platforms.ActiveCfg = Release|Win32
		{474D5F3D-49B4-4262-8C3B-2E3E26F86C89}.Release|Mixed Platforms.Build.0 = Release|Win32
		{474D5F3D-49B4-4262-8C3B-2E3E26F86C89}.Release|Win32.ActiveCfg = Release|Win32
		{474D5F3D-49B4-4262-8C3B-2E3E26F86C89}.Release|Win32.Build.0 = Release|Win32
		{474D5F3D-49B4-4262-8C3B-2E3E26F86C89}.Release|x86.ActiveCfg = Release|Win32
	EndGlobalSection
	GlobalSection(SolutionProperties) = preSolution
		HideSolutionNode = FALSE
	EndGlobalSection
EndGlobal
