<?xml version="1.0" encoding="utf-8"?>
<Project ToolsVersion="4.0" xmlns="http://schemas.microsoft.com/developer/msbuild/2003">
  <ItemGroup>
    <None Include="..\..\Web\topics\Misc\aristocroute\index.html" />
    <None Include="..\..\Web\topics\Misc\aristocroute\Renderer3D.js" />
    <None Include="..\..\Web\topics\Misc\aristocroute\style.css" />
    <None Include="..\..\Web\topics\Misc\aristocroute\teapot.json" />
  </ItemGroup>
</Project>