
Microsoft Visual Studio Solution File, Format Version 11.00
# Visual Studio 2010
Project("{FAE04EC0-301F-11D3-BF4B-00C04F79EFBC}") = "BuildSimpleCubeBinaryStreams", "BuildSimpleCubeBinaryStreams\BuildSimpleCubeBinaryStreams.csproj", "{4354A42C-CB2B-4789-8311-C0FB48A80F2E}"
EndProject
Project("{FAE04EC0-301F-11D3-BF4B-00C04F79EFBC}") = "ConvertCathedral", "ConvertCathedral\ConvertCathedral.csproj", "{03340C32-DF28-4216-AE97-690891584765}"
EndProject
Project("{FAE04EC0-301F-11D3-BF4B-00C04F79EFBC}") = "SharpMath", "SharpMath\SharpMath.csproj", "{DD026A89-C5FE-4150-BC85-A660E427826A}"
EndProject
Project("{FAE04EC0-301F-11D3-BF4B-00C04F79EFBC}") = "FBXConverter", "FBXConverter\FBXConverter.csproj", "{2A583606-F2C7-48BA-A004-D3C637FE26C4}"
EndProject
Project("{FAE04EC0-301F-11D3-BF4B-00C04F79EFBC}") = "JSONSerializer", "JSONSerializer\JSONSerializer.csproj", "{6776A7F6-2399-45FD-BCF9-C68108550905}"
EndProject
Project("{FAE04EC0-301F-11D3-BF4B-00C04F79EFBC}") = "O3DHelpers", "O3DHelpers\O3DHelpers.csproj", "{2A3AC76C-7234-4CDB-A076-945F229816C6}"
EndProject
Project("{8BC9CEB8-8B4A-11D0-8D11-00A0C91BC942}") = "O3DInterfaceLib", "O3DInterfaceLib\O3DInterfaceLib.vcxproj", "{82FF29D6-4AA2-4EAC-ABE3-79573FF8E5AF}"
EndProject
Project("{8BC9CEB8-8B4A-11D0-8D11-00A0C91BC942}") = "O3DInterfaceManaged", "O3DInterfaceManaged\O3DInterfaceManaged.vcxproj", "{6687F9E1-9D83-435A-A310-84C7899A8F98}"
EndProject
Project("{8BC9CEB8-8B4A-11D0-8D11-00A0C91BC942}") = "FBXImporterManaged", "FBXImporterManaged\FBXImporterManaged.vcxproj", "{B565481B-96F6-4DBB-A6C7-001B3F9D2D14}"
EndProject
Project("{8BC9CEB8-8B4A-11D0-8D11-00A0C91BC942}") = "__OLD_2009_FBXImporterManaged", "__OLD_2009__FBXImporterManaged\__OLD_2009_FBXImporterManaged.vcxproj", "{1E9C91E3-BD2C-477D-990E-459A53E5A073}"
EndProject
Project("{FAE04EC0-301F-11D3-BF4B-00C04F79EFBC}") = "FluidCollisionComputer", "FluidCollisionComputer\FluidCollisionComputer.csproj", "{72EE729B-B210-484E-9544-932507B55768}"
EndProject
Project("{FAE04EC0-301F-11D3-BF4B-00C04F79EFBC}") = "CSV2Texture", "CSV2Texture\CSV2Texture.csproj", "{DCBD2A88-72F0-402C-B38C-C6A72218D33D}"
EndProject
Project("{FAE04EC0-301F-11D3-BF4B-00C04F79EFBC}") = "SpectrumFromImage", "SpectrumFromImage\SpectrumFromImage.csproj", "{F51471D1-18F4-421B-B856-836B82BC05F9}"
EndProject
Project("{FAE04EC0-301F-11D3-BF4B-00C04F79EFBC}") = "SpectrumConvolver", "SpectrumConvolver\SpectrumConvolver.csproj", "{6AE5D6AA-161E-4F53-851D-2A3BE36967A5}"
EndProject
Project("{FAE04EC0-301F-11D3-BF4B-00C04F79EFBC}") = "OBJ2JSON", "OBJ2JSON\OBJ2JSON.csproj", "{89EF3AC1-AC1B-4376-82BE-B0CD72FA2069}"
EndProject
Project("{FAE04EC0-301F-11D3-BF4B-00C04F79EFBC}") = "HDR2RAW", "HDR2RAW\HDR2RAW.csproj", "{544CA9EF-FD80-4514-922F-86BB596A95F4}"
EndProject
Project("{FAE04EC0-301F-11D3-BF4B-00C04F79EFBC}") = "Image2Array", "Image2Array\Image2Array.csproj", "{E6618456-A261-41D0-8698-C86E4326A047}"
EndProject
Global
	GlobalSection(SolutionConfigurationPlatforms) = preSolution
		Debug (SDK v2011.3.1)|Any CPU = Debug (SDK v2011.3.1)|Any CPU
		Debug (SDK v2011.3.1)|Mixed Platforms = Debug (SDK v2011.3.1)|Mixed Platforms
		Debug (SDK v2011.3.1)|Win32 = Debug (SDK v2011.3.1)|Win32
		Debug (SDK v2011.3.1)|x86 = Debug (SDK v2011.3.1)|x86
		Debug|Any CPU = Debug|Any CPU
		Debug|Mixed Platforms = Debug|Mixed Platforms
		Debug|Win32 = Debug|Win32
		Debug|x86 = Debug|x86
		Release (SDK v2011.3.1)|Any CPU = Release (SDK v2011.3.1)|Any CPU
		Release (SDK v2011.3.1)|Mixed Platforms = Release (SDK v2011.3.1)|Mixed Platforms
		Release (SDK v2011.3.1)|Win32 = Release (SDK v2011.3.1)|Win32
		Release (SDK v2011.3.1)|x86 = Release (SDK v2011.3.1)|x86
		Release|Any CPU = Release|Any CPU
		Release|Mixed Platforms = Release|Mixed Platforms
		Release|Win32 = Release|Win32
		Release|x86 = Release|x86
	EndGlobalSection
	GlobalSection(ProjectConfigurationPlatforms) = postSolution
		{4354A42C-CB2B-4789-8311-C0FB48A80F2E}.Debug (SDK v2011.3.1)|Any CPU.ActiveCfg = Debug|x86
		{4354A42C-CB2B-4789-8311-C0FB48A80F2E}.Debug (SDK v2011.3.1)|Mixed Platforms.ActiveCfg = Debug|x86
		{4354A42C-CB2B-4789-8311-C0FB48A80F2E}.Debug (SDK v2011.3.1)|Mixed Platforms.Build.0 = Debug|x86
		{4354A42C-CB2B-4789-8311-C0FB48A80F2E}.Debug (SDK v2011.3.1)|Win32.ActiveCfg = Debug|x86
		{4354A42C-CB2B-4789-8311-C0FB48A80F2E}.Debug (SDK v2011.3.1)|x86.ActiveCfg = Debug|x86
		{4354A42C-CB2B-4789-8311-C0FB48A80F2E}.Debug (SDK v2011.3.1)|x86.Build.0 = Debug|x86
		{4354A42C-CB2B-4789-8311-C0FB48A80F2E}.Debug|Any CPU.ActiveCfg = Debug|x86
		{4354A42C-CB2B-4789-8311-C0FB48A80F2E}.Debug|Mixed Platforms.ActiveCfg = Debug|x86
		{4354A42C-CB2B-4789-8311-C0FB48A80F2E}.Debug|Mixed Platforms.Build.0 = Debug|x86
		{4354A42C-CB2B-4789-8311-C0FB48A80F2E}.Debug|Win32.ActiveCfg = Debug|x86
		{4354A42C-CB2B-4789-8311-C0FB48A80F2E}.Debug|x86.ActiveCfg = Debug|x86
		{4354A42C-CB2B-4789-8311-C0FB48A80F2E}.Debug|x86.Build.0 = Debug|x86
		{4354A42C-CB2B-4789-8311-C0FB48A80F2E}.Release (SDK v2011.3.1)|Any CPU.ActiveCfg = Release|x86
		{4354A42C-CB2B-4789-8311-C0FB48A80F2E}.Release (SDK v2011.3.1)|Mixed Platforms.ActiveCfg = Release|x86
		{4354A42C-CB2B-4789-8311-C0FB48A80F2E}.Release (SDK v2011.3.1)|Mixed Platforms.Build.0 = Release|x86
		{4354A42C-CB2B-4789-8311-C0FB48A80F2E}.Release (SDK v2011.3.1)|Win32.ActiveCfg = Release|x86
		{4354A42C-CB2B-4789-8311-C0FB48A80F2E}.Release (SDK v2011.3.1)|x86.ActiveCfg = Release|x86
		{4354A42C-CB2B-4789-8311-C0FB48A80F2E}.Release (SDK v2011.3.1)|x86.Build.0 = Release|x86
		{4354A42C-CB2B-4789-8311-C0FB48A80F2E}.Release|Any CPU.ActiveCfg = Release|x86
		{4354A42C-CB2B-4789-8311-C0FB48A80F2E}.Release|Mixed Platforms.ActiveCfg = Release|x86
		{4354A42C-CB2B-4789-8311-C0FB48A80F2E}.Release|Mixed Platforms.Build.0 = Release|x86
		{4354A42C-CB2B-4789-8311-C0FB48A80F2E}.Release|Win32.ActiveCfg = Release|x86
		{4354A42C-CB2B-4789-8311-C0FB48A80F2E}.Release|x86.ActiveCfg = Release|x86
		{4354A42C-CB2B-4789-8311-C0FB48A80F2E}.Release|x86.Build.0 = Release|x86
		{03340C32-DF28-4216-AE97-690891584765}.Debug (SDK v2011.3.1)|Any CPU.ActiveCfg = Debug|x86
		{03340C32-DF28-4216-AE97-690891584765}.Debug (SDK v2011.3.1)|Mixed Platforms.ActiveCfg = Debug|x86
		{03340C32-DF28-4216-AE97-690891584765}.Debug (SDK v2011.3.1)|Mixed Platforms.Build.0 = Debug|x86
		{03340C32-DF28-4216-AE97-690891584765}.Debug (SDK v2011.3.1)|Win32.ActiveCfg = Debug|x86
		{03340C32-DF28-4216-AE97-690891584765}.Debug (SDK v2011.3.1)|x86.ActiveCfg = Debug|x86
		{03340C32-DF28-4216-AE97-690891584765}.Debug (SDK v2011.3.1)|x86.Build.0 = Debug|x86
		{03340C32-DF28-4216-AE97-690891584765}.Debug|Any CPU.ActiveCfg = Debug|x86
		{03340C32-DF28-4216-AE97-690891584765}.Debug|Mixed Platforms.ActiveCfg = Debug|x86
		{03340C32-DF28-4216-AE97-690891584765}.Debug|Mixed Platforms.Build.0 = Debug|x86
		{03340C32-DF28-4216-AE97-690891584765}.Debug|Win32.ActiveCfg = Debug|x86
		{03340C32-DF28-4216-AE97-690891584765}.Debug|x86.ActiveCfg = Debug|x86
		{03340C32-DF28-4216-AE97-690891584765}.Debug|x86.Build.0 = Debug|x86
		{03340C32-DF28-4216-AE97-690891584765}.Release (SDK v2011.3.1)|Any CPU.ActiveCfg = Release|x86
		{03340C32-DF28-4216-AE97-690891584765}.Release (SDK v2011.3.1)|Mixed Platforms.ActiveCfg = Release|x86
		{03340C32-DF28-4216-AE97-690891584765}.Release (SDK v2011.3.1)|Mixed Platforms.Build.0 = Release|x86
		{03340C32-DF28-4216-AE97-690891584765}.Release (SDK v2011.3.1)|Win32.ActiveCfg = Release|x86
		{03340C32-DF28-4216-AE97-690891584765}.Release (SDK v2011.3.1)|x86.ActiveCfg = Release|x86
		{03340C32-DF28-4216-AE97-690891584765}.Release (SDK v2011.3.1)|x86.Build.0 = Release|x86
		{03340C32-DF28-4216-AE97-690891584765}.Release|Any CPU.ActiveCfg = Release|x86
		{03340C32-DF28-4216-AE97-690891584765}.Release|Mixed Platforms.ActiveCfg = Release|x86
		{03340C32-DF28-4216-AE97-690891584765}.Release|Mixed Platforms.Build.0 = Release|x86
		{03340C32-DF28-4216-AE97-690891584765}.Release|Win32.ActiveCfg = Release|x86
		{03340C32-DF28-4216-AE97-690891584765}.Release|x86.ActiveCfg = Release|x86
		{03340C32-DF28-4216-AE97-690891584765}.Release|x86.Build.0 = Release|x86
		{DD026A89-C5FE-4150-BC85-A660E427826A}.Debug (SDK v2011.3.1)|Any CPU.ActiveCfg = Debug|Any CPU
		{DD026A89-C5FE-4150-BC85-A660E427826A}.Debug (SDK v2011.3.1)|Any CPU.Build.0 = Debug|Any CPU
		{DD026A89-C5FE-4150-BC85-A660E427826A}.Debug (SDK v2011.3.1)|Mixed Platforms.ActiveCfg = Debug|Any CPU
		{DD026A89-C5FE-4150-BC85-A660E427826A}.Debug (SDK v2011.3.1)|Mixed Platforms.Build.0 = Debug|Any CPU
		{DD026A89-C5FE-4150-BC85-A660E427826A}.Debug (SDK v2011.3.1)|Win32.ActiveCfg = Debug|Any CPU
		{DD026A89-C5FE-4150-BC85-A660E427826A}.Debug (SDK v2011.3.1)|x86.ActiveCfg = Debug|Any CPU
		{DD026A89-C5FE-4150-BC85-A660E427826A}.Debug|Any CPU.ActiveCfg = Debug|Any CPU
		{DD026A89-C5FE-4150-BC85-A660E427826A}.Debug|Any CPU.Build.0 = Debug|Any CPU
		{DD026A89-C5FE-4150-BC85-A660E427826A}.Debug|Mixed Platforms.ActiveCfg = Debug|Any CPU
		{DD026A89-C5FE-4150-BC85-A660E427826A}.Debug|Mixed Platforms.Build.0 = Debug|Any CPU
		{DD026A89-C5FE-4150-BC85-A660E427826A}.Debug|Win32.ActiveCfg = Debug|Any CPU
		{DD026A89-C5FE-4150-BC85-A660E427826A}.Debug|x86.ActiveCfg = Debug|Any CPU
		{DD026A89-C5FE-4150-BC85-A660E427826A}.Release (SDK v2011.3.1)|Any CPU.ActiveCfg = Release|Any CPU
		{DD026A89-C5FE-4150-BC85-A660E427826A}.Release (SDK v2011.3.1)|Any CPU.Build.0 = Release|Any CPU
		{DD026A89-C5FE-4150-BC85-A660E427826A}.Release (SDK v2011.3.1)|Mixed Platforms.ActiveCfg = Release|Any CPU
		{DD026A89-C5FE-4150-BC85-A660E427826A}.Release (SDK v2011.3.1)|Mixed Platforms.Build.0 = Release|Any CPU
		{DD026A89-C5FE-4150-BC85-A660E427826A}.Release (SDK v2011.3.1)|Win32.ActiveCfg = Release|Any CPU
		{DD026A89-C5FE-4150-BC85-A660E427826A}.Release (SDK v2011.3.1)|x86.ActiveCfg = Release|Any CPU
		{DD026A89-C5FE-4150-BC85-A660E427826A}.Release|Any CPU.ActiveCfg = Release|Any CPU
		{DD026A89-C5FE-4150-BC85-A660E427826A}.Release|Any CPU.Build.0 = Release|Any CPU
		{DD026A89-C5FE-4150-BC85-A660E427826A}.Release|Mixed Platforms.ActiveCfg = Release|Any CPU
		{DD026A89-C5FE-4150-BC85-A660E427826A}.Release|Mixed Platforms.Build.0 = Release|Any CPU
		{DD026A89-C5FE-4150-BC85-A660E427826A}.Release|Win32.ActiveCfg = Release|Any CPU
		{DD026A89-C5FE-4150-BC85-A660E427826A}.Release|x86.ActiveCfg = Release|Any CPU
		{2A583606-F2C7-48BA-A004-D3C637FE26C4}.Debug (SDK v2011.3.1)|Any CPU.ActiveCfg = Debug|Any CPU
		{2A583606-F2C7-48BA-A004-D3C637FE26C4}.Debug (SDK v2011.3.1)|Any CPU.Build.0 = Debug|Any CPU
		{2A583606-F2C7-48BA-A004-D3C637FE26C4}.Debug (SDK v2011.3.1)|Mixed Platforms.ActiveCfg = Debug|Any CPU
		{2A583606-F2C7-48BA-A004-D3C637FE26C4}.Debug (SDK v2011.3.1)|Mixed Platforms.Build.0 = Debug|Any CPU
		{2A583606-F2C7-48BA-A004-D3C637FE26C4}.Debug (SDK v2011.3.1)|Win32.ActiveCfg = Debug|Any CPU
		{2A583606-F2C7-48BA-A004-D3C637FE26C4}.Debug (SDK v2011.3.1)|x86.ActiveCfg = Debug|Any CPU
		{2A583606-F2C7-48BA-A004-D3C637FE26C4}.Debug|Any CPU.ActiveCfg = Debug|Any CPU
		{2A583606-F2C7-48BA-A004-D3C637FE26C4}.Debug|Any CPU.Build.0 = Debug|Any CPU
		{2A583606-F2C7-48BA-A004-D3C637FE26C4}.Debug|Mixed Platforms.ActiveCfg = Debug|Any CPU
		{2A583606-F2C7-48BA-A004-D3C637FE26C4}.Debug|Win32.ActiveCfg = Debug|Any CPU
		{2A583606-F2C7-48BA-A004-D3C637FE26C4}.Debug|x86.ActiveCfg = Debug|Any CPU
		{2A583606-F2C7-48BA-A004-D3C637FE26C4}.Release (SDK v2011.3.1)|Any CPU.ActiveCfg = Release|Any CPU
		{2A583606-F2C7-48BA-A004-D3C637FE26C4}.Release (SDK v2011.3.1)|Any CPU.Build.0 = Release|Any CPU
		{2A583606-F2C7-48BA-A004-D3C637FE26C4}.Release (SDK v2011.3.1)|Mixed Platforms.ActiveCfg = Release|Any CPU
		{2A583606-F2C7-48BA-A004-D3C637FE26C4}.Release (SDK v2011.3.1)|Mixed Platforms.Build.0 = Release|Any CPU
		{2A583606-F2C7-48BA-A004-D3C637FE26C4}.Release (SDK v2011.3.1)|Win32.ActiveCfg = Release|Any CPU
		{2A583606-F2C7-48BA-A004-D3C637FE26C4}.Release (SDK v2011.3.1)|x86.ActiveCfg = Release|Any CPU
		{2A583606-F2C7-48BA-A004-D3C637FE26C4}.Release|Any CPU.ActiveCfg = Release|Any CPU
		{2A583606-F2C7-48BA-A004-D3C637FE26C4}.Release|Any CPU.Build.0 = Release|Any CPU
		{2A583606-F2C7-48BA-A004-D3C637FE26C4}.Release|Mixed Platforms.ActiveCfg = Release|Any CPU
		{2A583606-F2C7-48BA-A004-D3C637FE26C4}.Release|Mixed Platforms.Build.0 = Release|Any CPU
		{2A583606-F2C7-48BA-A004-D3C637FE26C4}.Release|Win32.ActiveCfg = Release|Any CPU
		{2A583606-F2C7-48BA-A004-D3C637FE26C4}.Release|x86.ActiveCfg = Release|Any CPU
		{6776A7F6-2399-45FD-BCF9-C68108550905}.Debug (SDK v2011.3.1)|Any CPU.ActiveCfg = Debug|Any CPU
		{6776A7F6-2399-45FD-BCF9-C68108550905}.Debug (SDK v2011.3.1)|Any CPU.Build.0 = Debug|Any CPU
		{6776A7F6-2399-45FD-BCF9-C68108550905}.Debug (SDK v2011.3.1)|Mixed Platforms.ActiveCfg = Debug|Any CPU
		{6776A7F6-2399-45FD-BCF9-C68108550905}.Debug (SDK v2011.3.1)|Mixed Platforms.Build.0 = Debug|Any CPU
		{6776A7F6-2399-45FD-BCF9-C68108550905}.Debug (SDK v2011.3.1)|Win32.ActiveCfg = Debug|Any CPU
		{6776A7F6-2399-45FD-BCF9-C68108550905}.Debug (SDK v2011.3.1)|x86.ActiveCfg = Debug|Any CPU
		{6776A7F6-2399-45FD-BCF9-C68108550905}.Debug|Any CPU.ActiveCfg = Debug|Any CPU
		{6776A7F6-2399-45FD-BCF9-C68108550905}.Debug|Any CPU.Build.0 = Debug|Any CPU
		{6776A7F6-2399-45FD-BCF9-C68108550905}.Debug|Mixed Platforms.ActiveCfg = Debug|Any CPU
		{6776A7F6-2399-45FD-BCF9-C68108550905}.Debug|Win32.ActiveCfg = Debug|Any CPU
		{6776A7F6-2399-45FD-BCF9-C68108550905}.Debug|x86.ActiveCfg = Debug|Any CPU
		{6776A7F6-2399-45FD-BCF9-C68108550905}.Release (SDK v2011.3.1)|Any CPU.ActiveCfg = Release|Any CPU
		{6776A7F6-2399-45FD-BCF9-C68108550905}.Release (SDK v2011.3.1)|Any CPU.Build.0 = Release|Any CPU
		{6776A7F6-2399-45FD-BCF9-C68108550905}.Release (SDK v2011.3.1)|Mixed Platforms.ActiveCfg = Release|Any CPU
		{6776A7F6-2399-45FD-BCF9-C68108550905}.Release (SDK v2011.3.1)|Mixed Platforms.Build.0 = Release|Any CPU
		{6776A7F6-2399-45FD-BCF9-C68108550905}.Release (SDK v2011.3.1)|Win32.ActiveCfg = Release|Any CPU
		{6776A7F6-2399-45FD-BCF9-C68108550905}.Release (SDK v2011.3.1)|x86.ActiveCfg = Release|Any CPU
		{6776A7F6-2399-45FD-BCF9-C68108550905}.Release|Any CPU.ActiveCfg = Release|Any CPU
		{6776A7F6-2399-45FD-BCF9-C68108550905}.Release|Any CPU.Build.0 = Release|Any CPU
		{6776A7F6-2399-45FD-BCF9-C68108550905}.Release|Mixed Platforms.ActiveCfg = Release|Any CPU
		{6776A7F6-2399-45FD-BCF9-C68108550905}.Release|Mixed Platforms.Build.0 = Release|Any CPU
		{6776A7F6-2399-45FD-BCF9-C68108550905}.Release|Win32.ActiveCfg = Release|Any CPU
		{6776A7F6-2399-45FD-BCF9-C68108550905}.Release|x86.ActiveCfg = Release|Any CPU
		{2A3AC76C-7234-4CDB-A076-945F229816C6}.Debug (SDK v2011.3.1)|Any CPU.ActiveCfg = Debug|Any CPU
		{2A3AC76C-7234-4CDB-A076-945F229816C6}.Debug (SDK v2011.3.1)|Any CPU.Build.0 = Debug|Any CPU
		{2A3AC76C-7234-4CDB-A076-945F229816C6}.Debug (SDK v2011.3.1)|Mixed Platforms.ActiveCfg = Debug|Any CPU
		{2A3AC76C-7234-4CDB-A076-945F229816C6}.Debug (SDK v2011.3.1)|Mixed Platforms.Build.0 = Debug|Any CPU
		{2A3AC76C-7234-4CDB-A076-945F229816C6}.Debug (SDK v2011.3.1)|Win32.ActiveCfg = Debug|Any CPU
		{2A3AC76C-7234-4CDB-A076-945F229816C6}.Debug (SDK v2011.3.1)|x86.ActiveCfg = Debug|Any CPU
		{2A3AC76C-7234-4CDB-A076-945F229816C6}.Debug|Any CPU.ActiveCfg = Debug|Any CPU
		{2A3AC76C-7234-4CDB-A076-945F229816C6}.Debug|Any CPU.Build.0 = Debug|Any CPU
		{2A3AC76C-7234-4CDB-A076-945F229816C6}.Debug|Mixed Platforms.ActiveCfg = Debug|Any CPU
		{2A3AC76C-7234-4CDB-A076-945F229816C6}.Debug|Win32.ActiveCfg = Debug|Any CPU
		{2A3AC76C-7234-4CDB-A076-945F229816C6}.Debug|x86.ActiveCfg = Debug|Any CPU
		{2A3AC76C-7234-4CDB-A076-945F229816C6}.Release (SDK v2011.3.1)|Any CPU.ActiveCfg = Release|Any CPU
		{2A3AC76C-7234-4CDB-A076-945F229816C6}.Release (SDK v2011.3.1)|Any CPU.Build.0 = Release|Any CPU
		{2A3AC76C-7234-4CDB-A076-945F229816C6}.Release (SDK v2011.3.1)|Mixed Platforms.ActiveCfg = Release|Any CPU
		{2A3AC76C-7234-4CDB-A076-945F229816C6}.Release (SDK v2011.3.1)|Mixed Platforms.Build.0 = Release|Any CPU
		{2A3AC76C-7234-4CDB-A076-945F229816C6}.Release (SDK v2011.3.1)|Win32.ActiveCfg = Release|Any CPU
		{2A3AC76C-7234-4CDB-A076-945F229816C6}.Release (SDK v2011.3.1)|x86.ActiveCfg = Release|Any CPU
		{2A3AC76C-7234-4CDB-A076-945F229816C6}.Release|Any CPU.ActiveCfg = Release|Any CPU
		{2A3AC76C-7234-4CDB-A076-945F229816C6}.Release|Any CPU.Build.0 = Release|Any CPU
		{2A3AC76C-7234-4CDB-A076-945F229816C6}.Release|Mixed Platforms.ActiveCfg = Release|Any CPU
		{2A3AC76C-7234-4CDB-A076-945F229816C6}.Release|Mixed Platforms.Build.0 = Release|Any CPU
		{2A3AC76C-7234-4CDB-A076-945F229816C6}.Release|Win32.ActiveCfg = Release|Any CPU
		{2A3AC76C-7234-4CDB-A076-945F229816C6}.Release|x86.ActiveCfg = Release|Any CPU
		{82FF29D6-4AA2-4EAC-ABE3-79573FF8E5AF}.Debug (SDK v2011.3.1)|Any CPU.ActiveCfg = Debug|Win32
		{82FF29D6-4AA2-4EAC-ABE3-79573FF8E5AF}.Debug (SDK v2011.3.1)|Mixed Platforms.ActiveCfg = Debug|Win32
		{82FF29D6-4AA2-4EAC-ABE3-79573FF8E5AF}.Debug (SDK v2011.3.1)|Mixed Platforms.Build.0 = Debug|Win32
		{82FF29D6-4AA2-4EAC-ABE3-79573FF8E5AF}.Debug (SDK v2011.3.1)|Win32.ActiveCfg = Debug|Win32
		{82FF29D6-4AA2-4EAC-ABE3-79573FF8E5AF}.Debug (SDK v2011.3.1)|Win32.Build.0 = Debug|Win32
		{82FF29D6-4AA2-4EAC-ABE3-79573FF8E5AF}.Debug (SDK v2011.3.1)|x86.ActiveCfg = Debug|Win32
		{82FF29D6-4AA2-4EAC-ABE3-79573FF8E5AF}.Debug|Any CPU.ActiveCfg = Debug|Win32
		{82FF29D6-4AA2-4EAC-ABE3-79573FF8E5AF}.Debug|Mixed Platforms.ActiveCfg = Debug|Win32
		{82FF29D6-4AA2-4EAC-ABE3-79573FF8E5AF}.Debug|Win32.ActiveCfg = Debug|Win32
		{82FF29D6-4AA2-4EAC-ABE3-79573FF8E5AF}.Debug|Win32.Build.0 = Debug|Win32
		{82FF29D6-4AA2-4EAC-ABE3-79573FF8E5AF}.Debug|x86.ActiveCfg = Debug|Win32
		{82FF29D6-4AA2-4EAC-ABE3-79573FF8E5AF}.Release (SDK v2011.3.1)|Any CPU.ActiveCfg = Release|Win32
		{82FF29D6-4AA2-4EAC-ABE3-79573FF8E5AF}.Release (SDK v2011.3.1)|Mixed Platforms.ActiveCfg = Release|Win32
		{82FF29D6-4AA2-4EAC-ABE3-79573FF8E5AF}.Release (SDK v2011.3.1)|Mixed Platforms.Build.0 = Release|Win32
		{82FF29D6-4AA2-4EAC-ABE3-79573FF8E5AF}.Release (SDK v2011.3.1)|Win32.ActiveCfg = Release|Win32
		{82FF29D6-4AA2-4EAC-ABE3-79573FF8E5AF}.Release (SDK v2011.3.1)|Win32.Build.0 = Release|Win32
		{82FF29D6-4AA2-4EAC-ABE3-79573FF8E5AF}.Release (SDK v2011.3.1)|x86.ActiveCfg = Release|Win32
		{82FF29D6-4AA2-4EAC-ABE3-79573FF8E5AF}.Release|Any CPU.ActiveCfg = Release|Win32
		{82FF29D6-4AA2-4EAC-ABE3-79573FF8E5AF}.Release|Mixed Platforms.ActiveCfg = Release|Win32
		{82FF29D6-4AA2-4EAC-ABE3-79573FF8E5AF}.Release|Mixed Platforms.Build.0 = Release|Win32
		{82FF29D6-4AA2-4EAC-ABE3-79573FF8E5AF}.Release|Win32.ActiveCfg = Release|Win32
		{82FF29D6-4AA2-4EAC-ABE3-79573FF8E5AF}.Release|Win32.Build.0 = Release|Win32
		{82FF29D6-4AA2-4EAC-ABE3-79573FF8E5AF}.Release|x86.ActiveCfg = Release|Win32
		{6687F9E1-9D83-435A-A310-84C7899A8F98}.Debug (SDK v2011.3.1)|Any CPU.ActiveCfg = Debug|Win32
		{6687F9E1-9D83-435A-A310-84C7899A8F98}.Debug (SDK v2011.3.1)|Mixed Platforms.ActiveCfg = Debug|Win32
		{6687F9E1-9D83-435A-A310-84C7899A8F98}.Debug (SDK v2011.3.1)|Mixed Platforms.Build.0 = Debug|Win32
		{6687F9E1-9D83-435A-A310-84C7899A8F98}.Debug (SDK v2011.3.1)|Win32.ActiveCfg = Debug|Win32
		{6687F9E1-9D83-435A-A310-84C7899A8F98}.Debug (SDK v2011.3.1)|Win32.Build.0 = Debug|Win32
		{6687F9E1-9D83-435A-A310-84C7899A8F98}.Debug (SDK v2011.3.1)|x86.ActiveCfg = Debug|Win32
		{6687F9E1-9D83-435A-A310-84C7899A8F98}.Debug|Any CPU.ActiveCfg = Debug|Win32
		{6687F9E1-9D83-435A-A310-84C7899A8F98}.Debug|Mixed Platforms.ActiveCfg = Debug|Win32
		{6687F9E1-9D83-435A-A310-84C7899A8F98}.Debug|Win32.ActiveCfg = Debug|Win32
		{6687F9E1-9D83-435A-A310-84C7899A8F98}.Debug|Win32.Build.0 = Debug|Win32
		{6687F9E1-9D83-435A-A310-84C7899A8F98}.Debug|x86.ActiveCfg = Debug|Win32
		{6687F9E1-9D83-435A-A310-84C7899A8F98}.Release (SDK v2011.3.1)|Any CPU.ActiveCfg = Release|Win32
		{6687F9E1-9D83-435A-A310-84C7899A8F98}.Release (SDK v2011.3.1)|Mixed Platforms.ActiveCfg = Release|Win32
		{6687F9E1-9D83-435A-A310-84C7899A8F98}.Release (SDK v2011.3.1)|Mixed Platforms.Build.0 = Release|Win32
		{6687F9E1-9D83-435A-A310-84C7899A8F98}.Release (SDK v2011.3.1)|Win32.ActiveCfg = Release|Win32
		{6687F9E1-9D83-435A-A310-84C7899A8F98}.Release (SDK v2011.3.1)|Win32.Build.0 = Release|Win32
		{6687F9E1-9D83-435A-A310-84C7899A8F98}.Release (SDK v2011.3.1)|x86.ActiveCfg = Release|Win32
		{6687F9E1-9D83-435A-A310-84C7899A8F98}.Release|Any CPU.ActiveCfg = Release|Win32
		{6687F9E1-9D83-435A-A310-84C7899A8F98}.Release|Mixed Platforms.ActiveCfg = Release|Win32
		{6687F9E1-9D83-435A-A310-84C7899A8F98}.Release|Mixed Platforms.Build.0 = Release|Win32
		{6687F9E1-9D83-435A-A310-84C7899A8F98}.Release|Win32.ActiveCfg = Release|Win32
		{6687F9E1-9D83-435A-A310-84C7899A8F98}.Release|Win32.Build.0 = Release|Win32
		{6687F9E1-9D83-435A-A310-84C7899A8F98}.Release|x86.ActiveCfg = Release|Win32
		{B565481B-96F6-4DBB-A6C7-001B3F9D2D14}.Debug (SDK v2011.3.1)|Any CPU.ActiveCfg = Debug (SDK v2011.3.1)|Win32
		{B565481B-96F6-4DBB-A6C7-001B3F9D2D14}.Debug (SDK v2011.3.1)|Mixed Platforms.ActiveCfg = Debug (SDK v2011.3.1)|Win32
		{B565481B-96F6-4DBB-A6C7-001B3F9D2D14}.Debug (SDK v2011.3.1)|Mixed Platforms.Build.0 = Debug (SDK v2011.3.1)|Win32
		{B565481B-96F6-4DBB-A6C7-001B3F9D2D14}.Debug (SDK v2011.3.1)|Win32.ActiveCfg = Debug (SDK v2011.3.1)|Win32
		{B565481B-96F6-4DBB-A6C7-001B3F9D2D14}.Debug (SDK v2011.3.1)|Win32.Build.0 = Debug (SDK v2011.3.1)|Win32
		{B565481B-96F6-4DBB-A6C7-001B3F9D2D14}.Debug (SDK v2011.3.1)|x86.ActiveCfg = Debug (SDK v2011.3.1)|Win32
		{B565481B-96F6-4DBB-A6C7-001B3F9D2D14}.Debug|Any CPU.ActiveCfg = Debug|Win32
		{B565481B-96F6-4DBB-A6C7-001B3F9D2D14}.Debug|Mixed Platforms.ActiveCfg = Debug|Win32
		{B565481B-96F6-4DBB-A6C7-001B3F9D2D14}.Debug|Win32.ActiveCfg = Debug|Win32
		{B565481B-96F6-4DBB-A6C7-001B3F9D2D14}.Debug|Win32.Build.0 = Debug|Win32
		{B565481B-96F6-4DBB-A6C7-001B3F9D2D14}.Debug|x86.ActiveCfg = Debug|Win32
		{B565481B-96F6-4DBB-A6C7-001B3F9D2D14}.Release (SDK v2011.3.1)|Any CPU.ActiveCfg = Release (SDK v2011.3.1)|Win32
		{B565481B-96F6-4DBB-A6C7-001B3F9D2D14}.Release (SDK v2011.3.1)|Mixed Platforms.ActiveCfg = Release (SDK v2011.3.1)|Win32
		{B565481B-96F6-4DBB-A6C7-001B3F9D2D14}.Release (SDK v2011.3.1)|Mixed Platforms.Build.0 = Release (SDK v2011.3.1)|Win32
		{B565481B-96F6-4DBB-A6C7-001B3F9D2D14}.Release (SDK v2011.3.1)|Win32.ActiveCfg = Release (SDK v2011.3.1)|Win32
		{B565481B-96F6-4DBB-A6C7-001B3F9D2D14}.Release (SDK v2011.3.1)|Win32.Build.0 = Release (SDK v2011.3.1)|Win32
		{B565481B-96F6-4DBB-A6C7-001B3F9D2D14}.Release (SDK v2011.3.1)|x86.ActiveCfg = Release (SDK v2011.3.1)|Win32
		{B565481B-96F6-4DBB-A6C7-001B3F9D2D14}.Release|Any CPU.ActiveCfg = Release|Win32
		{B565481B-96F6-4DBB-A6C7-001B3F9D2D14}.Release|Mixed Platforms.ActiveCfg = Release|Win32
		{B565481B-96F6-4DBB-A6C7-001B3F9D2D14}.Release|Mixed Platforms.Build.0 = Release|Win32
		{B565481B-96F6-4DBB-A6C7-001B3F9D2D14}.Release|Win32.ActiveCfg = Release|Win32
		{B565481B-96F6-4DBB-A6C7-001B3F9D2D14}.Release|Win32.Build.0 = Release|Win32
		{B565481B-96F6-4DBB-A6C7-001B3F9D2D14}.Release|x86.ActiveCfg = Release|Win32
		{1E9C91E3-BD2C-477D-990E-459A53E5A073}.Debug (SDK v2011.3.1)|Any CPU.ActiveCfg = Debug|Win32
		{1E9C91E3-BD2C-477D-990E-459A53E5A073}.Debug (SDK v2011.3.1)|Mixed Platforms.ActiveCfg = Debug|Win32
		{1E9C91E3-BD2C-477D-990E-459A53E5A073}.Debug (SDK v2011.3.1)|Mixed Platforms.Build.0 = Debug|Win32
		{1E9C91E3-BD2C-477D-990E-459A53E5A073}.Debug (SDK v2011.3.1)|Win32.ActiveCfg = Debug|Win32
		{1E9C91E3-BD2C-477D-990E-459A53E5A073}.Debug (SDK v2011.3.1)|Win32.Build.0 = Debug|Win32
		{1E9C91E3-BD2C-477D-990E-459A53E5A073}.Debug (SDK v2011.3.1)|x86.ActiveCfg = Debug|Win32
		{1E9C91E3-BD2C-477D-990E-459A53E5A073}.Debug|Any CPU.ActiveCfg = Debug|Win32
		{1E9C91E3-BD2C-477D-990E-459A53E5A073}.Debug|Mixed Platforms.ActiveCfg = Debug|Win32
		{1E9C91E3-BD2C-477D-990E-459A53E5A073}.Debug|Win32.ActiveCfg = Debug|Win32
		{1E9C91E3-BD2C-477D-990E-459A53E5A073}.Debug|Win32.Build.0 = Debug|Win32
		{1E9C91E3-BD2C-477D-990E-459A53E5A073}.Debug|x86.ActiveCfg = Debug|Win32
		{1E9C91E3-BD2C-477D-990E-459A53E5A073}.Release (SDK v2011.3.1)|Any CPU.ActiveCfg = Release|Win32
		{1E9C91E3-BD2C-477D-990E-459A53E5A073}.Release (SDK v2011.3.1)|Mixed Platforms.ActiveCfg = Release|Win32
		{1E9C91E3-BD2C-477D-990E-459A53E5A073}.Release (SDK v2011.3.1)|Mixed Platforms.Build.0 = Release|Win32
		{1E9C91E3-BD2C-477D-990E-459A53E5A073}.Release (SDK v2011.3.1)|Win32.ActiveCfg = Release|Win32
		{1E9C91E3-BD2C-477D-990E-459A53E5A073}.Release (SDK v2011.3.1)|Win32.Build.0 = Release|Win32
		{1E9C91E3-BD2C-477D-990E-459A53E5A073}.Release (SDK v2011.3.1)|x86.ActiveCfg = Release|Win32
		{1E9C91E3-BD2C-477D-990E-459A53E5A073}.Release|Any CPU.ActiveCfg = Release|Win32
		{1E9C91E3-BD2C-477D-990E-459A53E5A073}.Release|Mixed Platforms.ActiveCfg = Release|Win32
		{1E9C91E3-BD2C-477D-990E-459A53E5A073}.Release|Mixed Platforms.Build.0 = Release|Win32
		{1E9C91E3-BD2C-477D-990E-459A53E5A073}.Release|Win32.ActiveCfg = Release|Win32
		{1E9C91E3-BD2C-477D-990E-459A53E5A073}.Release|Win32.Build.0 = Release|Win32
		{1E9C91E3-BD2C-477D-990E-459A53E5A073}.Release|x86.ActiveCfg = Release|Win32
		{72EE729B-B210-484E-9544-932507B55768}.Debug (SDK v2011.3.1)|Any CPU.ActiveCfg = Debug|Any CPU
		{72EE729B-B210-484E-9544-932507B55768}.Debug (SDK v2011.3.1)|Any CPU.Build.0 = Debug|Any CPU
		{72EE729B-B210-484E-9544-932507B55768}.Debug (SDK v2011.3.1)|Mixed Platforms.ActiveCfg = Debug|Any CPU
		{72EE729B-B210-484E-9544-932507B55768}.Debug (SDK v2011.3.1)|Mixed Platforms.Build.0 = Debug|Any CPU
		{72EE729B-B210-484E-9544-932507B55768}.Debug (SDK v2011.3.1)|Win32.ActiveCfg = Debug|Any CPU
		{72EE729B-B210-484E-9544-932507B55768}.Debug (SDK v2011.3.1)|x86.ActiveCfg = Debug|Any CPU
		{72EE729B-B210-484E-9544-932507B55768}.Debug|Any CPU.ActiveCfg = Debug|Any CPU
		{72EE729B-B210-484E-9544-932507B55768}.Debug|Any CPU.Build.0 = Debug|Any CPU
		{72EE729B-B210-484E-9544-932507B55768}.Debug|Mixed Platforms.ActiveCfg = Debug|Any CPU
		{72EE729B-B210-484E-9544-932507B55768}.Debug|Mixed Platforms.Build.0 = Debug|Any CPU
		{72EE729B-B210-484E-9544-932507B55768}.Debug|Win32.ActiveCfg = Debug|Any CPU
		{72EE729B-B210-484E-9544-932507B55768}.Debug|x86.ActiveCfg = Debug|Any CPU
		{72EE729B-B210-484E-9544-932507B55768}.Release (SDK v2011.3.1)|Any CPU.ActiveCfg = Release|Any CPU
		{72EE729B-B210-484E-9544-932507B55768}.Release (SDK v2011.3.1)|Any CPU.Build.0 = Release|Any CPU
		{72EE729B-B210-484E-9544-932507B55768}.Release (SDK v2011.3.1)|Mixed Platforms.ActiveCfg = Release|Any CPU
		{72EE729B-B210-484E-9544-932507B55768}.Release (SDK v2011.3.1)|Mixed Platforms.Build.0 = Release|Any CPU
		{72EE729B-B210-484E-9544-932507B55768}.Release (SDK v2011.3.1)|Win32.ActiveCfg = Release|Any CPU
		{72EE729B-B210-484E-9544-932507B55768}.Release (SDK v2011.3.1)|x86.ActiveCfg = Release|Any CPU
		{72EE729B-B210-484E-9544-932507B55768}.Release|Any CPU.ActiveCfg = Release|Any CPU
		{72EE729B-B210-484E-9544-932507B55768}.Release|Any CPU.Build.0 = Release|Any CPU
		{72EE729B-B210-484E-9544-932507B55768}.Release|Mixed Platforms.ActiveCfg = Release|Any CPU
		{72EE729B-B210-484E-9544-932507B55768}.Release|Mixed Platforms.Build.0 = Release|Any CPU
		{72EE729B-B210-484E-9544-932507B55768}.Release|Win32.ActiveCfg = Release|Any CPU
		{72EE729B-B210-484E-9544-932507B55768}.Release|x86.ActiveCfg = Release|Any CPU
		{DCBD2A88-72F0-402C-B38C-C6A72218D33D}.Debug (SDK v2011.3.1)|Any CPU.ActiveCfg = Debug|x86
		{DCBD2A88-72F0-402C-B38C-C6A72218D33D}.Debug (SDK v2011.3.1)|Mixed Platforms.ActiveCfg = Debug|x86
		{DCBD2A88-72F0-402C-B38C-C6A72218D33D}.Debug (SDK v2011.3.1)|Mixed Platforms.Build.0 = Debug|x86
		{DCBD2A88-72F0-402C-B38C-C6A72218D33D}.Debug (SDK v2011.3.1)|Win32.ActiveCfg = Debug|x86
		{DCBD2A88-72F0-402C-B38C-C6A72218D33D}.Debug (SDK v2011.3.1)|x86.ActiveCfg = Debug|x86
		{DCBD2A88-72F0-402C-B38C-C6A72218D33D}.Debug (SDK v2011.3.1)|x86.Build.0 = Debug|x86
		{DCBD2A88-72F0-402C-B38C-C6A72218D33D}.Debug|Any CPU.ActiveCfg = Debug|x86
		{DCBD2A88-72F0-402C-B38C-C6A72218D33D}.Debug|Mixed Platforms.ActiveCfg = Debug|x86
		{DCBD2A88-72F0-402C-B38C-C6A72218D33D}.Debug|Mixed Platforms.Build.0 = Debug|x86
		{DCBD2A88-72F0-402C-B38C-C6A72218D33D}.Debug|Win32.ActiveCfg = Debug|x86
		{DCBD2A88-72F0-402C-B38C-C6A72218D33D}.Debug|x86.ActiveCfg = Debug|x86
		{DCBD2A88-72F0-402C-B38C-C6A72218D33D}.Debug|x86.Build.0 = Debug|x86
		{DCBD2A88-72F0-402C-B38C-C6A72218D33D}.Release (SDK v2011.3.1)|Any CPU.ActiveCfg = Release|x86
		{DCBD2A88-72F0-402C-B38C-C6A72218D33D}.Release (SDK v2011.3.1)|Mixed Platforms.ActiveCfg = Release|x86
		{DCBD2A88-72F0-402C-B38C-C6A72218D33D}.Release (SDK v2011.3.1)|Mixed Platforms.Build.0 = Release|x86
		{DCBD2A88-72F0-402C-B38C-C6A72218D33D}.Release (SDK v2011.3.1)|Win32.ActiveCfg = Release|x86
		{DCBD2A88-72F0-402C-B38C-C6A72218D33D}.Release (SDK v2011.3.1)|x86.ActiveCfg = Release|x86
		{DCBD2A88-72F0-402C-B38C-C6A72218D33D}.Release (SDK v2011.3.1)|x86.Build.0 = Release|x86
		{DCBD2A88-72F0-402C-B38C-C6A72218D33D}.Release|Any CPU.ActiveCfg = Release|x86
		{DCBD2A88-72F0-402C-B38C-C6A72218D33D}.Release|Mixed Platforms.ActiveCfg = Release|x86
		{DCBD2A88-72F0-402C-B38C-C6A72218D33D}.Release|Mixed Platforms.Build.0 = Release|x86
		{DCBD2A88-72F0-402C-B38C-C6A72218D33D}.Release|Win32.ActiveCfg = Release|x86
		{DCBD2A88-72F0-402C-B38C-C6A72218D33D}.Release|x86.ActiveCfg = Release|x86
		{DCBD2A88-72F0-402C-B38C-C6A72218D33D}.Release|x86.Build.0 = Release|x86
		{F51471D1-18F4-421B-B856-836B82BC05F9}.Debug (SDK v2011.3.1)|Any CPU.ActiveCfg = Debug|x86
		{F51471D1-18F4-421B-B856-836B82BC05F9}.Debug (SDK v2011.3.1)|Mixed Platforms.ActiveCfg = Debug|x86
		{F51471D1-18F4-421B-B856-836B82BC05F9}.Debug (SDK v2011.3.1)|Mixed Platforms.Build.0 = Debug|x86
		{F51471D1-18F4-421B-B856-836B82BC05F9}.Debug (SDK v2011.3.1)|Win32.ActiveCfg = Debug|x86
		{F51471D1-18F4-421B-B856-836B82BC05F9}.Debug (SDK v2011.3.1)|x86.ActiveCfg = Debug|x86
		{F51471D1-18F4-421B-B856-836B82BC05F9}.Debug (SDK v2011.3.1)|x86.Build.0 = Debug|x86
		{F51471D1-18F4-421B-B856-836B82BC05F9}.Debug|Any CPU.ActiveCfg = Debug|x86
		{F51471D1-18F4-421B-B856-836B82BC05F9}.Debug|Mixed Platforms.ActiveCfg = Debug|x86
		{F51471D1-18F4-421B-B856-836B82BC05F9}.Debug|Mixed Platforms.Build.0 = Debug|x86
		{F51471D1-18F4-421B-B856-836B82BC05F9}.Debug|Win32.ActiveCfg = Debug|x86
		{F51471D1-18F4-421B-B856-836B82BC05F9}.Debug|x86.ActiveCfg = Debug|x86
		{F51471D1-18F4-421B-B856-836B82BC05F9}.Debug|x86.Build.0 = Debug|x86
		{F51471D1-18F4-421B-B856-836B82BC05F9}.Release (SDK v2011.3.1)|Any CPU.ActiveCfg = Release|x86
		{F51471D1-18F4-421B-B856-836B82BC05F9}.Release (SDK v2011.3.1)|Mixed Platforms.ActiveCfg = Release|x86
		{F51471D1-18F4-421B-B856-836B82BC05F9}.Release (SDK v2011.3.1)|Mixed Platforms.Build.0 = Release|x86
		{F51471D1-18F4-421B-B856-836B82BC05F9}.Release (SDK v2011.3.1)|Win32.ActiveCfg = Release|x86
		{F51471D1-18F4-421B-B856-836B82BC05F9}.Release (SDK v2011.3.1)|x86.ActiveCfg = Release|x86
		{F51471D1-18F4-421B-B856-836B82BC05F9}.Release (SDK v2011.3.1)|x86.Build.0 = Release|x86
		{F51471D1-18F4-421B-B856-836B82BC05F9}.Release|Any CPU.ActiveCfg = Release|x86
		{F51471D1-18F4-421B-B856-836B82BC05F9}.Release|Mixed Platforms.ActiveCfg = Release|x86
		{F51471D1-18F4-421B-B856-836B82BC05F9}.Release|Mixed Platforms.Build.0 = Release|x86
		{F51471D1-18F4-421B-B856-836B82BC05F9}.Release|Win32.ActiveCfg = Release|x86
		{F51471D1-18F4-421B-B856-836B82BC05F9}.Release|x86.ActiveCfg = Release|x86
		{F51471D1-18F4-421B-B856-836B82BC05F9}.Release|x86.Build.0 = Release|x86
		{6AE5D6AA-161E-4F53-851D-2A3BE36967A5}.Debug (SDK v2011.3.1)|Any CPU.ActiveCfg = Debug|x86
		{6AE5D6AA-161E-4F53-851D-2A3BE36967A5}.Debug (SDK v2011.3.1)|Mixed Platforms.ActiveCfg = Debug|x86
		{6AE5D6AA-161E-4F53-851D-2A3BE36967A5}.Debug (SDK v2011.3.1)|Mixed Platforms.Build.0 = Debug|x86
		{6AE5D6AA-161E-4F53-851D-2A3BE36967A5}.Debug (SDK v2011.3.1)|Win32.ActiveCfg = Debug|x86
		{6AE5D6AA-161E-4F53-851D-2A3BE36967A5}.Debug (SDK v2011.3.1)|x86.ActiveCfg = Debug|x86
		{6AE5D6AA-161E-4F53-851D-2A3BE36967A5}.Debug (SDK v2011.3.1)|x86.Build.0 = Debug|x86
		{6AE5D6AA-161E-4F53-851D-2A3BE36967A5}.Debug|Any CPU.ActiveCfg = Debug|x86
		{6AE5D6AA-161E-4F53-851D-2A3BE36967A5}.Debug|Mixed Platforms.ActiveCfg = Debug|x86
		{6AE5D6AA-161E-4F53-851D-2A3BE36967A5}.Debug|Mixed Platforms.Build.0 = Debug|x86
		{6AE5D6AA-161E-4F53-851D-2A3BE36967A5}.Debug|Win32.ActiveCfg = Debug|x86
		{6AE5D6AA-161E-4F53-851D-2A3BE36967A5}.Debug|x86.ActiveCfg = Debug|x86
		{6AE5D6AA-161E-4F53-851D-2A3BE36967A5}.Debug|x86.Build.0 = Debug|x86
		{6AE5D6AA-161E-4F53-851D-2A3BE36967A5}.Release (SDK v2011.3.1)|Any CPU.ActiveCfg = Release|x86
		{6AE5D6AA-161E-4F53-851D-2A3BE36967A5}.Release (SDK v2011.3.1)|Mixed Platforms.ActiveCfg = Release|x86
		{6AE5D6AA-161E-4F53-851D-2A3BE36967A5}.Release (SDK v2011.3.1)|Mixed Platforms.Build.0 = Release|x86
		{6AE5D6AA-161E-4F53-851D-2A3BE36967A5}.Release (SDK v2011.3.1)|Win32.ActiveCfg = Release|x86
		{6AE5D6AA-161E-4F53-851D-2A3BE36967A5}.Release (SDK v2011.3.1)|x86.ActiveCfg = Release|x86
		{6AE5D6AA-161E-4F53-851D-2A3BE36967A5}.Release (SDK v2011.3.1)|x86.Build.0 = Release|x86
		{6AE5D6AA-161E-4F53-851D-2A3BE36967A5}.Release|Any CPU.ActiveCfg = Release|x86
		{6AE5D6AA-161E-4F53-851D-2A3BE36967A5}.Release|Mixed Platforms.ActiveCfg = Release|x86
		{6AE5D6AA-161E-4F53-851D-2A3BE36967A5}.Release|Mixed Platforms.Build.0 = Release|x86
		{6AE5D6AA-161E-4F53-851D-2A3BE36967A5}.Release|Win32.ActiveCfg = Release|x86
		{6AE5D6AA-161E-4F53-851D-2A3BE36967A5}.Release|x86.ActiveCfg = Release|x86
		{6AE5D6AA-161E-4F53-851D-2A3BE36967A5}.Release|x86.Build.0 = Release|x86
		{89EF3AC1-AC1B-4376-82BE-B0CD72FA2069}.Debug (SDK v2011.3.1)|Any CPU.ActiveCfg = Debug|x86
		{89EF3AC1-AC1B-4376-82BE-B0CD72FA2069}.Debug (SDK v2011.3.1)|Mixed Platforms.ActiveCfg = Debug|x86
		{89EF3AC1-AC1B-4376-82BE-B0CD72FA2069}.Debug (SDK v2011.3.1)|Mixed Platforms.Build.0 = Debug|x86
		{89EF3AC1-AC1B-4376-82BE-B0CD72FA2069}.Debug (SDK v2011.3.1)|Win32.ActiveCfg = Debug|x86
		{89EF3AC1-AC1B-4376-82BE-B0CD72FA2069}.Debug (SDK v2011.3.1)|x86.ActiveCfg = Debug|x86
		{89EF3AC1-AC1B-4376-82BE-B0CD72FA2069}.Debug (SDK v2011.3.1)|x86.Build.0 = Debug|x86
		{89EF3AC1-AC1B-4376-82BE-B0CD72FA2069}.Debug|Any CPU.ActiveCfg = Debug|x86
		{89EF3AC1-AC1B-4376-82BE-B0CD72FA2069}.Debug|Mixed Platforms.ActiveCfg = Debug|x86
		{89EF3AC1-AC1B-4376-82BE-B0CD72FA2069}.Debug|Mixed Platforms.Build.0 = Debug|x86
		{89EF3AC1-AC1B-4376-82BE-B0CD72FA2069}.Debug|Win32.ActiveCfg = Debug|x86
		{89EF3AC1-AC1B-4376-82BE-B0CD72FA2069}.Debug|x86.ActiveCfg = Debug|x86
		{89EF3AC1-AC1B-4376-82BE-B0CD72FA2069}.Debug|x86.Build.0 = Debug|x86
		{89EF3AC1-AC1B-4376-82BE-B0CD72FA2069}.Release (SDK v2011.3.1)|Any CPU.ActiveCfg = Release|x86
		{89EF3AC1-AC1B-4376-82BE-B0CD72FA2069}.Release (SDK v2011.3.1)|Mixed Platforms.ActiveCfg = Release|x86
		{89EF3AC1-AC1B-4376-82BE-B0CD72FA2069}.Release (SDK v2011.3.1)|Mixed Platforms.Build.0 = Release|x86
		{89EF3AC1-AC1B-4376-82BE-B0CD72FA2069}.Release (SDK v2011.3.1)|Win32.ActiveCfg = Release|x86
		{89EF3AC1-AC1B-4376-82BE-B0CD72FA2069}.Release (SDK v2011.3.1)|x86.ActiveCfg = Release|x86
		{89EF3AC1-AC1B-4376-82BE-B0CD72FA2069}.Release (SDK v2011.3.1)|x86.Build.0 = Release|x86
		{89EF3AC1-AC1B-4376-82BE-B0CD72FA2069}.Release|Any CPU.ActiveCfg = Release|x86
		{89EF3AC1-AC1B-4376-82BE-B0CD72FA2069}.Release|Mixed Platforms.ActiveCfg = Release|x86
		{89EF3AC1-AC1B-4376-82BE-B0CD72FA2069}.Release|Mixed Platforms.Build.0 = Release|x86
		{89EF3AC1-AC1B-4376-82BE-B0CD72FA2069}.Release|Win32.ActiveCfg = Release|x86
		{89EF3AC1-AC1B-4376-82BE-B0CD72FA2069}.Release|x86.ActiveCfg = Release|x86
		{89EF3AC1-AC1B-4376-82BE-B0CD72FA2069}.Release|x86.Build.0 = Release|x86
		{544CA9EF-FD80-4514-922F-86BB596A95F4}.Debug (SDK v2011.3.1)|Any CPU.ActiveCfg = Debug|x86
		{544CA9EF-FD80-4514-922F-86BB596A95F4}.Debug (SDK v2011.3.1)|Mixed Platforms.ActiveCfg = Debug|x86
		{544CA9EF-FD80-4514-922F-86BB596A95F4}.Debug (SDK v2011.3.1)|Mixed Platforms.Build.0 = Debug|x86
		{544CA9EF-FD80-4514-922F-86BB596A95F4}.Debug (SDK v2011.3.1)|Win32.ActiveCfg = Debug|x86
		{544CA9EF-FD80-4514-922F-86BB596A95F4}.Debug (SDK v2011.3.1)|x86.ActiveCfg = Debug|x86
		{544CA9EF-FD80-4514-922F-86BB596A95F4}.Debug (SDK v2011.3.1)|x86.Build.0 = Debug|x86
		{544CA9EF-FD80-4514-922F-86BB596A95F4}.Debug|Any CPU.ActiveCfg = Debug|x86
		{544CA9EF-FD80-4514-922F-86BB596A95F4}.Debug|Mixed Platforms.ActiveCfg = Debug|x86
		{544CA9EF-FD80-4514-922F-86BB596A95F4}.Debug|Mixed Platforms.Build.0 = Debug|x86
		{544CA9EF-FD80-4514-922F-86BB596A95F4}.Debug|Win32.ActiveCfg = Debug|x86
		{544CA9EF-FD80-4514-922F-86BB596A95F4}.Debug|x86.ActiveCfg = Debug|x86
		{544CA9EF-FD80-4514-922F-86BB596A95F4}.Debug|x86.Build.0 = Debug|x86
		{544CA9EF-FD80-4514-922F-86BB596A95F4}.Release (SDK v2011.3.1)|Any CPU.ActiveCfg = Release|x86
		{544CA9EF-FD80-4514-922F-86BB596A95F4}.Release (SDK v2011.3.1)|Mixed Platforms.ActiveCfg = Release|x86
		{544CA9EF-FD80-4514-922F-86BB596A95F4}.Release (SDK v2011.3.1)|Mixed Platforms.Build.0 = Release|x86
		{544CA9EF-FD80-4514-922F-86BB596A95F4}.Release (SDK v2011.3.1)|Win32.ActiveCfg = Release|x86
		{544CA9EF-FD80-4514-922F-86BB596A95F4}.Release (SDK v2011.3.1)|x86.ActiveCfg = Release|x86
		{544CA9EF-FD80-4514-922F-86BB596A95F4}.Release (SDK v2011.3.1)|x86.Build.0 = Release|x86
		{544CA9EF-FD80-4514-922F-86BB596A95F4}.Release|Any CPU.ActiveCfg = Release|x86
		{544CA9EF-FD80-4514-922F-86BB596A95F4}.Release|Mixed Platforms.ActiveCfg = Release|x86
		{544CA9EF-FD80-4514-922F-86BB596A95F4}.Release|Mixed Platforms.Build.0 = Release|x86
		{544CA9EF-FD80-4514-922F-86BB596A95F4}.Release|Win32.ActiveCfg = Release|x86
		{544CA9EF-FD80-4514-922F-86BB596A95F4}.Release|x86.ActiveCfg = Release|x86
		{544CA9EF-FD80-4514-922F-86BB596A95F4}.Release|x86.Build.0 = Release|x86
		{E6618456-A261-41D0-8698-C86E4326A047}.Debug (SDK v2011.3.1)|Any CPU.ActiveCfg = Debug|x86
		{E6618456-A261-41D0-8698-C86E4326A047}.Debug (SDK v2011.3.1)|Mixed Platforms.ActiveCfg = Debug|x86
		{E6618456-A261-41D0-8698-C86E4326A047}.Debug (SDK v2011.3.1)|Mixed Platforms.Build.0 = Debug|x86
		{E6618456-A261-41D0-8698-C86E4326A047}.Debug (SDK v2011.3.1)|Win32.ActiveCfg = Debug|x86
		{E6618456-A261-41D0-8698-C86E4326A047}.Debug (SDK v2011.3.1)|x86.ActiveCfg = Debug|x86
		{E6618456-A261-41D0-8698-C86E4326A047}.Debug (SDK v2011.3.1)|x86.Build.0 = Debug|x86
		{E6618456-A261-41D0-8698-C86E4326A047}.Debug|Any CPU.ActiveCfg = Debug|x86
		{E6618456-A261-41D0-8698-C86E4326A047}.Debug|Mixed Platforms.ActiveCfg = Debug|x86
		{E6618456-A261-41D0-8698-C86E4326A047}.Debug|Mixed Platforms.Build.0 = Debug|x86
		{E6618456-A261-41D0-8698-C86E4326A047}.Debug|Win32.ActiveCfg = Debug|x86
		{E6618456-A261-41D0-8698-C86E4326A047}.Debug|x86.ActiveCfg = Debug|x86
		{E6618456-A261-41D0-8698-C86E4326A047}.Debug|x86.Build.0 = Debug|x86
		{E6618456-A261-41D0-8698-C86E4326A047}.Release (SDK v2011.3.1)|Any CPU.ActiveCfg = Release|x86
		{E6618456-A261-41D0-8698-C86E4326A047}.Release (SDK v2011.3.1)|Mixed Platforms.ActiveCfg = Release|x86
		{E6618456-A261-41D0-8698-C86E4326A047}.Release (SDK v2011.3.1)|Mixed Platforms.Build.0 = Release|x86
		{E6618456-A261-41D0-8698-C86E4326A047}.Release (SDK v2011.3.1)|Win32.ActiveCfg = Release|x86
		{E6618456-A261-41D0-8698-C86E4326A047}.Release (SDK v2011.3.1)|x86.ActiveCfg = Release|x86
		{E6618456-A261-41D0-8698-C86E4326A047}.Release (SDK v2011.3.1)|x86.Build.0 = Release|x86
		{E6618456-A261-41D0-8698-C86E4326A047}.Release|Any CPU.ActiveCfg = Release|x86
		{E6618456-A261-41D0-8698-C86E4326A047}.Release|Mixed Platforms.ActiveCfg = Release|x86
		{E6618456-A261-41D0-8698-C86E4326A047}.Release|Mixed Platforms.Build.0 = Release|x86
		{E6618456-A261-41D0-8698-C86E4326A047}.Release|Win32.ActiveCfg = Release|x86
		{E6618456-A261-41D0-8698-C86E4326A047}.Release|x86.ActiveCfg = Release|x86
		{E6618456-A261-41D0-8698-C86E4326A047}.Release|x86.Build.0 = Release|x86
	EndGlobalSection
	GlobalSection(SolutionProperties) = preSolution
		HideSolutionNode = FALSE
	EndGlobalSection
EndGlobal
